
Microsoft Visual Studio Solution File, Format Version 12.00
# Visual Studio Version 17
VisualStudioVersion = 17.2.32505.173
MinimumVisualStudioVersion = 10.0.40219.1
Project("{9A19103F-16F7-4668-BE54-9A1E7A4F7556}") = "LeetCodeExample.Test", "LeetCodeExample.Test\LeetCodeExample.Test.csproj", "{78464D5E-EFE5-4EF3-AC13-6695B840EE9E}"
EndProject
Project("{9A19103F-16F7-4668-BE54-9A1E7A4F7556}") = "LeetCodeExample", "LeetCodeExample\LeetCodeExample.csproj", "{CD33EDD7-8D2C-4E05-95AC-8871201989CA}"
EndProject
Global
	GlobalSection(SolutionConfigurationPlatforms) = preSolution
		Debug|Any CPU = Debug|Any CPU
		Release|Any CPU = Release|Any CPU
	EndGlobalSection
	GlobalSection(ProjectConfigurationPlatforms) = postSolution
		{78464D5E-EFE5-4EF3-AC13-6695B840EE9E}.Debug|Any CPU.ActiveCfg = Debug|Any CPU
		{78464D5E-EFE5-4EF3-AC13-6695B840EE9E}.Debug|Any CPU.Build.0 = Debug|Any CPU
		{78464D5E-EFE5-4EF3-AC13-6695B840EE9E}.Release|Any CPU.ActiveCfg = Release|Any CPU
		{78464D5E-EFE5-4EF3-AC13-6695B840EE9E}.Release|Any CPU.Build.0 = Release|Any CPU
		{CD33EDD7-8D2C-4E05-95AC-8871201989CA}.Debug|Any CPU.ActiveCfg = Debug|Any CPU
		{CD33EDD7-8D2C-4E05-95AC-8871201989CA}.Debug|Any CPU.Build.0 = Debug|Any CPU
		{CD33EDD7-8D2C-4E05-95AC-8871201989CA}.Release|Any CPU.ActiveCfg = Release|Any CPU
		{CD33EDD7-8D2C-4E05-95AC-8871201989CA}.Release|Any CPU.Build.0 = Release|Any CPU
	EndGlobalSection
	GlobalSection(SolutionProperties) = preSolution
		HideSolutionNode = FALSE
	EndGlobalSection
	GlobalSection(ExtensibilityGlobals) = postSolution
		SolutionGuid = {0E8209E0-342E-4EF5-AC8A-B9F1BA82653A}
	EndGlobalSection
EndGlobal
